
Microsoft Visual Studio Solution File, Format Version 12.00
# Visual Studio 15
VisualStudioVersion = 15.0.28010.2016
MinimumVisualStudioVersion = 10.0.40219.1
Project("{9A19103F-16F7-4668-BE54-9A1E7A4F7556}") = "Erica.MQ", "Erica.MQ\Erica.MQ.csproj", "{AA076EAA-64CF-4B44-B38B-FAC7BC873BE3}"
EndProject
Project("{9A19103F-16F7-4668-BE54-9A1E7A4F7556}") = "Erica.MQ.Producer", "Erica.MQ.Producer\Erica.MQ.Producer.csproj", "{620185E9-0D65-4128-BA82-BEEE4265140C}"
EndProject
Project("{9A19103F-16F7-4668-BE54-9A1E7A4F7556}") = "Erica.MQ.Consumer", "Erica.MQ.Consumer\Erica.MQ.Consumer.csproj", "{762A11B5-5F25-443B-A2DE-6CA964A0C296}"
EndProject
Project("{FAE04EC0-301F-11D3-BF4B-00C04F79EFBC}") = "SharedInterfaces", "SharedInterfaces\SharedInterfaces.csproj", "{4D9CBF89-9A56-4B80-BBC4-3F7EB9ABC3AD}"
EndProject
Project("{FAE04EC0-301F-11D3-BF4B-00C04F79EFBC}") = "EricaChats.DataAccess", "EricaChats.DataAccess\EricaChats.DataAccess.csproj", "{857C2568-B36C-4B5A-87F8-B52B44AFC3FD}"
EndProject
Global
	GlobalSection(SolutionConfigurationPlatforms) = preSolution
		Debug|Any CPU = Debug|Any CPU
		Release|Any CPU = Release|Any CPU
	EndGlobalSection
	GlobalSection(ProjectConfigurationPlatforms) = postSolution
		{AA076EAA-64CF-4B44-B38B-FAC7BC873BE3}.Debug|Any CPU.ActiveCfg = Debug|Any CPU
		{AA076EAA-64CF-4B44-B38B-FAC7BC873BE3}.Debug|Any CPU.Build.0 = Debug|Any CPU
		{AA076EAA-64CF-4B44-B38B-FAC7BC873BE3}.Release|Any CPU.ActiveCfg = Release|Any CPU
		{AA076EAA-64CF-4B44-B38B-FAC7BC873BE3}.Release|Any CPU.Build.0 = Release|Any CPU
		{620185E9-0D65-4128-BA82-BEEE4265140C}.Debug|Any CPU.ActiveCfg = Debug|Any CPU
		{620185E9-0D65-4128-BA82-BEEE4265140C}.Debug|Any CPU.Build.0 = Debug|Any CPU
		{620185E9-0D65-4128-BA82-BEEE4265140C}.Release|Any CPU.ActiveCfg = Release|Any CPU
		{620185E9-0D65-4128-BA82-BEEE4265140C}.Release|Any CPU.Build.0 = Release|Any CPU
		{762A11B5-5F25-443B-A2DE-6CA964A0C296}.Debug|Any CPU.ActiveCfg = Debug|Any CPU
		{762A11B5-5F25-443B-A2DE-6CA964A0C296}.Debug|Any CPU.Build.0 = Debug|Any CPU
		{762A11B5-5F25-443B-A2DE-6CA964A0C296}.Release|Any CPU.ActiveCfg = Release|Any CPU
		{762A11B5-5F25-443B-A2DE-6CA964A0C296}.Release|Any CPU.Build.0 = Release|Any CPU
		{4D9CBF89-9A56-4B80-BBC4-3F7EB9ABC3AD}.Debug|Any CPU.ActiveCfg = Debug|Any CPU
		{4D9CBF89-9A56-4B80-BBC4-3F7EB9ABC3AD}.Debug|Any CPU.Build.0 = Debug|Any CPU
		{4D9CBF89-9A56-4B80-BBC4-3F7EB9ABC3AD}.Release|Any CPU.ActiveCfg = Release|Any CPU
		{4D9CBF89-9A56-4B80-BBC4-3F7EB9ABC3AD}.Release|Any CPU.Build.0 = Release|Any CPU
		{857C2568-B36C-4B5A-87F8-B52B44AFC3FD}.Debug|Any CPU.ActiveCfg = Debug|Any CPU
		{857C2568-B36C-4B5A-87F8-B52B44AFC3FD}.Debug|Any CPU.Build.0 = Debug|Any CPU
		{857C2568-B36C-4B5A-87F8-B52B44AFC3FD}.Release|Any CPU.ActiveCfg = Release|Any CPU
		{857C2568-B36C-4B5A-87F8-B52B44AFC3FD}.Release|Any CPU.Build.0 = Release|Any CPU
	EndGlobalSection
	GlobalSection(SolutionProperties) = preSolution
		HideSolutionNode = FALSE
	EndGlobalSection
	GlobalSection(ExtensibilityGlobals) = postSolution
		SolutionGuid = {3C3585A1-009B-4EA5-AB59-234AECA92361}
	EndGlobalSection
EndGlobal
